PODS:
  - CocoaLumberjack (3.2.1):
    - CocoaLumberjack/Default (= 3.2.1)
    - CocoaLumberjack/Extensions (= 3.2.1)
  - CocoaLumberjack/Default (3.2.1)
  - CocoaLumberjack/Extensions (3.2.1):
    - CocoaLumberjack/Default

DEPENDENCIES:
  - CocoaLumberjack (= 3.2.1)

SPEC CHECKSUMS:
  CocoaLumberjack: 2800c03334042fe80589423c8d80e582dcaec482

PODFILE CHECKSUM: 70b6bb9517deb07126905995428725a27d2c5371

COCOAPODS: 1.4.0.beta.1
